// !$*UTF8*$!
{
	archiveVersion = 1;
	classes = {
	};
	objectVersion = 46;
	objects = {

/* Begin PBXBuildFile section */
		D95E1C451D88E71A00F94976 /* AppDelegate.swift in Sources */ = {isa = PBXBuildFile; fileRef = D95E1C441D88E71A00F94976 /* AppDelegate.swift */; };
		D95E1C471D88E71A00F94976 /* ViewController.swift in Sources */ = {isa = PBXBuildFile; fileRef = D95E1C461D88E71A00F94976 /* ViewController.swift */; };
		D95E1C4A1D88E71A00F94976 /* Main.storyboard in Resources */ = {isa = PBXBuildFile; fileRef = D95E1C481D88E71A00F94976 /* Main.storyboard */; };
		D95E1C4C1D88E71A00F94976 /* Assets.xcassets in Resources */ = {isa = PBXBuildFile; fileRef = D95E1C4B1D88E71A00F94976 /* Assets.xcassets */; };
		D95E1C4F1D88E71A00F94976 /* LaunchScreen.storyboard in Resources */ = {isa = PBXBuildFile; fileRef = D95E1C4D1D88E71A00F94976 /* LaunchScreen.storyboard */; };
		D95E1C8A1D88F39300F94976 /* __PROJECT_NAME__.framework in Frameworks */ = {isa = PBXBuildFile; fileRef = D95E1C891D88F39300F94976 /* __PROJECT_NAME__.framework */; };
/* End PBXBuildFile section */

/* Begin PBXFileReference section */
		D95E1C411D88E71A00F94976 /* iOS Example.app */ = {isa = PBXFileReference; explicitFileType = wrapper.application; includeInIndex = 0; path = "iOS Example.app"; sourceTree = BUILT_PRODUCTS_DIR; };
		D95E1C441D88E71A00F94976 /* AppDelegate.swift */ = {isa = PBXFileReference; lastKnownFileType = sourcecode.swift; path = AppDelegate.swift; sourceTree = "<group>"; };
		D95E1C461D88E71A00F94976 /* ViewController.swift */ = {isa = PBXFileReference; lastKnownFileType = sourcecode.swift; path = ViewController.swift; sourceTree = "<group>"; };
		D95E1C491D88E71A00F94976 /* Base */ = {isa = PBXFileReference; lastKnownFileType = file.storyboard; name = Base; path = Base.lproj/Main.storyboard; sourceTree = "<group>"; };
		D95E1C4B1D88E71A00F94976 /* Assets.xcassets */ = {isa = PBXFileReference; lastKnownFileType = folder.assetcatalog; path = Assets.xcassets; sourceTree = "<group>"; };
		D95E1C4E1D88E71A00F94976 /* Base */ = {isa = PBXFileReference; lastKnownFileType = file.storyboard; name = Base; path = Base.lproj/LaunchScreen.storyboard; sourceTree = "<group>"; };
		D95E1C501D88E71A00F94976 /* Info.plist */ = {isa = PBXFileReference; lastKnownFileType = text.plist.xml; path = Info.plist; sourceTree = "<group>"; };
		D95E1C891D88F39300F94976 /* __PROJECT_NAME__.framework */ = {isa = PBXFileReference; lastKnownFileType = wrapper.framework; name = __PROJECT_NAME__.framework; path = "../build/Debug-iphoneos/__PROJECT_NAME__.framework"; sourceTree = "<group>"; };
/* End PBXFileReference section */

/* Begin PBXFrameworksBuildPhase section */
		D95E1C3E1D88E71A00F94976 /* Frameworks */ = {
			isa = PBXFrameworksBuildPhase;
			buildActionMask = 2147483647;
			files = (
				D95E1C8A1D88F39300F94976 /* __PROJECT_NAME__.framework in Frameworks */,
			);
			runOnlyForDeploymentPostprocessing = 0;
		};
/* End PBXFrameworksBuildPhase section */

/* Begin PBXGroup section */
		D95E1C381D88E71A00F94976 = {
			isa = PBXGroup;
			children = (
				D95E1C431D88E71A00F94976 /* Source */,
				D95E1C421D88E71A00F94976 /* Products */,
				D95E1C881D88F39300F94976 /* Frameworks */,
			);
			sourceTree = "<group>";
		};
		D95E1C421D88E71A00F94976 /* Products */ = {
			isa = PBXGroup;
			children = (
				D95E1C411D88E71A00F94976 /* iOS Example.app */,
			);
			name = Products;
			sourceTree = "<group>";
		};
		D95E1C431D88E71A00F94976 /* Source */ = {
			isa = PBXGroup;
			children = (
				D95E1C441D88E71A00F94976 /* AppDelegate.swift */,
				D95E1C461D88E71A00F94976 /* ViewController.swift */,
				D95E1C481D88E71A00F94976 /* Main.storyboard */,
				D95E1C4B1D88E71A00F94976 /* Assets.xcassets */,
				D95E1C4D1D88E71A00F94976 /* LaunchScreen.storyboard */,
				D95E1C501D88E71A00F94976 /* Info.plist */,
			);
			path = Source;
			sourceTree = "<group>";
		};
		D95E1C881D88F39300F94976 /* Frameworks */ = {
			isa = PBXGroup;
			children = (
				D95E1C891D88F39300F94976 /* __PROJECT_NAME__.framework */,
			);
			name = Frameworks;
			sourceTree = "<group>";
		};
/* End PBXGroup section */

/* Begin PBXNativeTarget section */
		D95E1C401D88E71A00F94976 /* iOS Example */ = {
			isa = PBXNativeTarget;
			buildConfigurationList = D95E1C531D88E71A00F94976 /* Build configuration list for PBXNativeTarget "iOS Example" */;
			buildPhases = (
				D95E1C3D1D88E71A00F94976 /* Sources */,
				D95E1C3E1D88E71A00F94976 /* Frameworks */,
				D95E1C3F1D88E71A00F94976 /* Resources */,
			);
			buildRules = (
			);
			dependencies = (
			);
			name = "iOS Example";
			productName = "iOS Example";
			productReference = D95E1C411D88E71A00F94976 /* iOS Example.app */;
			productType = "com.apple.product-type.application";
		};
/* End PBXNativeTarget section */

/* Begin PBXProject section */
		D95E1C391D88E71A00F94976 /* Project object */ = {
			isa = PBXProject;
			attributes = {
				LastSwiftUpdateCheck = 0800;
				LastUpgradeCheck = 0800;
				ORGANIZATIONNAME = "__ORGANIZATION NAME__";
				TargetAttributes = {
					D95E1C401D88E71A00F94976 = {
						CreatedOnToolsVersion = 8.0;
						ProvisioningStyle = Automatic;
					};
				};
			};
			buildConfigurationList = D95E1C3C1D88E71A00F94976 /* Build configuration list for PBXProject "iOS Example" */;
			compatibilityVersion = "Xcode 3.2";
			developmentRegion = English;
			hasScannedForEncodings = 0;
			knownRegions = (
				en,
				Base,
			);
			mainGroup = D95E1C381D88E71A00F94976;
			productRefGroup = D95E1C421D88E71A00F94976 /* Products */;
			projectDirPath = "";
			projectRoot = "";
			targets = (
				D95E1C401D88E71A00F94976 /* iOS Example */,
			);
		};
/* End PBXProject section */

/* Begin PBXResourcesBuildPhase section */
		D95E1C3F1D88E71A00F94976 /* Resources */ = {
			isa = PBXResourcesBuildPhase;
			buildActionMask = 2147483647;
			files = (
				D95E1C4F1D88E71A00F94976 /* LaunchScreen.storyboard in Resources */,
				D95E1C4C1D88E71A00F94976 /* Assets.xcassets in Resources */,
				D95E1C4A1D88E71A00F94976 /* Main.storyboard in Resources */,
			);
			runOnlyForDeploymentPostprocessing = 0;
		};
/* End PBXResourcesBuildPhase section */

/* Begin PBXSourcesBuildPhase section */
		D95E1C3D1D88E71A00F94976 /* Sources */ = {
			isa = PBXSourcesBuildPhase;
			buildActionMask = 2147483647;
			files = (
				D95E1C471D88E71A00F94976 /* ViewController.swift in Sources */,
				D95E1C451D88E71A00F94976 /* AppDelegate.swift in Sources */,
			);
			runOnlyForDeploymentPostprocessing = 0;
		};
/* End PBXSourcesBuildPhase section */

/* Begin PBXVariantGroup section */
		D95E1C481D88E71A00F94976 /* Main.storyboard */ = {
			isa = PBXVariantGroup;
			children = (
				D95E1C491D88E71A00F94976 /* Base */,
			);
			name = Main.storyboard;
			sourceTree = "<group>";
		};
		D95E1C4D1D88E71A00F94976 /* LaunchScreen.storyboard */ = {
			isa = PBXVariantGroup;
			children = (
				D95E1C4E1D88E71A00F94976 /* Base */,
			);
			name = LaunchScreen.storyboard;
			sourceTree = "<group>";
		};
/* End PBXVariantGroup section */

/* Begin XCBuildConfiguration section */
		D95E1C511D88E71A00F94976 /* Debug */ = {
			isa = XCBuildConfiguration;
			buildSettings = {
				ALWAYS_SEARCH_USER_PATHS = NO;
				CLANG_ANALYZER_NONNULL = YES;
				CLANG_CXX_LANGUAGE_STANDARD = "gnu++0x";
				CLANG_CXX_LIBRARY = "libc++";
				CLANG_ENABLE_MODULES = YES;
				CLANG_ENABLE_OBJC_ARC = YES;
				CLANG_WARN_BOOL_CONVERSION = YES;
				CLANG_WARN_CONSTANT_CONVERSION = YES;
				CLANG_WARN_DIRECT_OBJC_ISA_USAGE = YES_ERROR;
				CLANG_WARN_DOCUMENTATION_COMMENTS = YES;
				CLANG_WARN_EMPTY_BODY = YES;
				CLANG_WARN_ENUM_CONVERSION = YES;
				CLANG_WARN_INFINITE_RECURSION = YES;
				CLANG_WARN_INT_CONVERSION = YES;
				CLANG_WARN_OBJC_ROOT_CLASS = YES_ERROR;
				CLANG_WARN_SUSPICIOUS_MOVES = YES;
				CLANG_WARN_UNREACHABLE_CODE = YES;
				CLANG_WARN__DUPLICATE_METHOD_MATCH = YES;
				"CODE_SIGN_IDENTITY[sdk=iphoneos*]" = "iPhone Developer";
				COPY_PHASE_STRIP = NO;
				DEBUG_INFORMATION_FORMAT = dwarf;
				ENABLE_STRICT_OBJC_MSGSEND = YES;
				ENABLE_TESTABILITY = YES;
				GCC_C_LANGUAGE_STANDARD = gnu99;
				GCC_DYNAMIC_NO_PIC = NO;
				GCC_NO_COMMON_BLOCKS = YES;
				GCC_OPTIMIZATION_LEVEL = 0;
				GCC_PREPROCESSOR_DEFINITIONS = (
					"DEBUG=1",
					"$(inherited)",
				);
				GCC_WARN_64_TO_32_BIT_CONVERSION = YES;
				GCC_WARN_ABOUT_RETURN_TYPE = YES_ERROR;
				GCC_WARN_UNDECLARED_SELECTOR = YES;
				GCC_WARN_UNINITIALIZED_AUTOS = YES_AGGRESSIVE;
				GCC_WARN_UNUSED_FUNCTION = YES;
				GCC_WARN_UNUSED_VARIABLE = YES;
				IPHONEOS_DEPLOYMENT_TARGET = 10.0;
				MTL_ENABLE_DEBUG_INFO = YES;
				ONLY_ACTIVE_ARCH = YES;
				SDKROOT = iphoneos;
				SWIFT_ACTIVE_COMPILATION_CONDITIONS = DEBUG;
				SWIFT_OPTIMIZATION_LEVEL = "-Onone";
				TARGETED_DEVICE_FAMILY = "1,2";
			};
			name = Debug;
		};
		D95E1C521D88E71A00F94976 /* Release */ = {
			isa = XCBuildConfiguration;
			buildSettings = {
				ALWAYS_SEARCH_USER_PATHS = NO;
				CLANG_ANALYZER_NONNULL = YES;
				CLANG_CXX_LANGUAGE_STANDARD = "gnu++0x";
				CLANG_CXX_LIBRARY = "libc++";
				CLANG_ENABLE_MODULES = YES;
				CLANG_ENABLE_OBJC_ARC = YES;
				CLANG_WARN_BOOL_CONVERSION = YES;
				CLANG_WARN_CONSTANT_CONVERSION = YES;
				CLANG_WARN_DIRECT_OBJC_ISA_USAGE = YES_ERROR;
				CLANG_WARN_DOCUMENTATION_COMMENTS = YES;
				CLANG_WARN_EMPTY_BODY = YES;
				CLANG_WARN_ENUM_CONVERSION = YES;
				CLANG_WARN_INFINITE_RECURSION = YES;
				CLANG_WARN_INT_CONVERSION = YES;
				CLANG_WARN_OBJC_ROOT_CLASS = YES_ERROR;
				CLANG_WARN_SUSPICIOUS_MOVES = YES;
				CLANG_WARN_UNREACHABLE_CODE = YES;
				CLANG_WARN__DUPLICATE_METHOD_MATCH = YES;
				"CODE_SIGN_IDENTITY[sdk=iphoneos*]" = "iPhone Developer";
				COPY_PHASE_STRIP = NO;
				DEBUG_INFORMATION_FORMAT = "dwarf-with-dsym";
				ENABLE_NS_ASSERTIONS = NO;
				ENABLE_STRICT_OBJC_MSGSEND = YES;
				GCC_C_LANGUAGE_STANDARD = gnu99;
				GCC_NO_COMMON_BLOCKS = YES;
				GCC_WARN_64_TO_32_BIT_CONVERSION = YES;
				GCC_WARN_ABOUT_RETURN_TYPE = YES_ERROR;
				GCC_WARN_UNDECLARED_SELECTOR = YES;
				GCC_WARN_UNINITIALIZED_AUTOS = YES_AGGRESSIVE;
				GCC_WARN_UNUSED_FUNCTION = YES;
				GCC_WARN_UNUSED_VARIABLE = YES;
				IPHONEOS_DEPLOYMENT_TARGET = 10.0;
				MTL_ENABLE_DEBUG_INFO = NO;
				SDKROOT = iphoneos;
				SWIFT_OPTIMIZATION_LEVEL = "-Owholemodule";
				TARGETED_DEVICE_FAMILY = "1,2";
				VALIDATE_PRODUCT = YES;
			};
			name = Release;
		};
		D95E1C541D88E71A00F94976 /* Debug */ = {
			isa = XCBuildConfiguration;
			buildSettings = {
				ASSETCATALOG_COMPILER_APPICON_NAME = AppIcon;
				INFOPLIST_FILE = Source/Info.plist;
				LD_RUNPATH_SEARCH_PATHS = "$(inherited) @executable_path/Frameworks";
				PRODUCT_BUNDLE_IDENTIFIER = "com.AN.ORGANIZATION.IDENTIFIER.iOS-Example";
				PRODUCT_NAME = "$(TARGET_NAME)";
				SWIFT_VERSION = 3.0;
			};
			name = Debug;
		};
		D95E1C551D88E71A00F94976 /* Release */ = {
			isa = XCBuildConfiguration;
			buildSettings = {
				ASSETCATALOG_COMPILER_APPICON_NAME = AppIcon;
				INFOPLIST_FILE = Source/Info.plist;
				LD_RUNPATH_SEARCH_PATHS = "$(inherited) @executable_path/Frameworks";
				PRODUCT_BUNDLE_IDENTIFIER = "com.AN.ORGANIZATION.IDENTIFIER.iOS-Example";
				PRODUCT_NAME = "$(TARGET_NAME)";
				SWIFT_VERSION = 3.0;
			};
			name = Release;
		};
/* End XCBuildConfiguration section */

/* Begin XCConfigurationList section */
		D95E1C3C1D88E71A00F94976 /* Build configuration list for PBXProject "iOS Example" */ = {
			isa = XCConfigurationList;
			buildConfigurations = (
				D95E1C511D88E71A00F94976 /* Debug */,
				D95E1C521D88E71A00F94976 /* Release */,
			);
			defaultConfigurationIsVisible = 0;
			defaultConfigurationName = Release;
		};
		D95E1C531D88E71A00F94976 /* Build configuration list for PBXNativeTarget "iOS Example" */ = {
			isa = XCConfigurationList;
			buildConfigurations = (
				D95E1C541D88E71A00F94976 /* Debug */,
				D95E1C551D88E71A00F94976 /* Release */,
			);
			defaultConfigurationIsVisible = 0;
			defaultConfigurationName = Release;
		};
/* End XCConfigurationList section */
	};
	rootObject = D95E1C391D88E71A00F94976 /* Project object */;
}
