// !$*UTF8*$!
{
	archiveVersion = 1;
	classes = {
	};
	objectVersion = 46;
	objects = {

/* Begin PBXBuildFile section */
		356BC2BD3D87F19BB1A7F5C6 /* Pods_iOS_Example.framework in Frameworks */ = {isa = PBXBuildFile; fileRef = E6CC3113384DE370280FEB4C /* Pods_iOS_Example.framework */; };
		D936642C1D87958600FCEA12 /* AppDelegate.swift in Sources */ = {isa = PBXBuildFile; fileRef = D936642B1D87958600FCEA12 /* AppDelegate.swift */; };
		D936642E1D87958600FCEA12 /* ViewController.swift in Sources */ = {isa = PBXBuildFile; fileRef = D936642D1D87958600FCEA12 /* ViewController.swift */; };
		D93664311D87958600FCEA12 /* Main.storyboard in Resources */ = {isa = PBXBuildFile; fileRef = D936642F1D87958600FCEA12 /* Main.storyboard */; };
		D93664331D87958600FCEA12 /* Assets.xcassets in Resources */ = {isa = PBXBuildFile; fileRef = D93664321D87958600FCEA12 /* Assets.xcassets */; };
		D93664361D87958600FCEA12 /* LaunchScreen.storyboard in Resources */ = {isa = PBXBuildFile; fileRef = D93664341D87958600FCEA12 /* LaunchScreen.storyboard */; };
		D93664411D87958600FCEA12 /* ExampleUITests.swift in Sources */ = {isa = PBXBuildFile; fileRef = D93664401D87958600FCEA12 /* ExampleUITests.swift */; };
		ECC2CA8E696D48A187CE1B56 /* Pods_iOS_ExampleUITests.framework in Frameworks */ = {isa = PBXBuildFile; fileRef = 6F7F0C2F95AE18FBCBFC85F1 /* Pods_iOS_ExampleUITests.framework */; };
/* End PBXBuildFile section */

/* Begin PBXContainerItemProxy section */
		D936643D1D87958600FCEA12 /* PBXContainerItemProxy */ = {
			isa = PBXContainerItemProxy;
			containerPortal = D93664201D87958600FCEA12 /* Project object */;
			proxyType = 1;
			remoteGlobalIDString = D93664271D87958600FCEA12;
			remoteInfo = Example;
		};
/* End PBXContainerItemProxy section */

/* Begin PBXFileReference section */
		1A31FEA3497BBC569598A98E /* Pods-iOS ExampleUITests.debug.xcconfig */ = {isa = PBXFileReference; includeInIndex = 1; lastKnownFileType = text.xcconfig; name = "Pods-iOS ExampleUITests.debug.xcconfig"; path = "Pods/Target Support Files/Pods-iOS ExampleUITests/Pods-iOS ExampleUITests.debug.xcconfig"; sourceTree = "<group>"; };
		6F7F0C2F95AE18FBCBFC85F1 /* Pods_iOS_ExampleUITests.framework */ = {isa = PBXFileReference; explicitFileType = wrapper.framework; includeInIndex = 0; path = Pods_iOS_ExampleUITests.framework; sourceTree = BUILT_PRODUCTS_DIR; };
		6FDC9B99C7033B4319A8BBF1 /* Pods-iOS Example.debug.xcconfig */ = {isa = PBXFileReference; includeInIndex = 1; lastKnownFileType = text.xcconfig; name = "Pods-iOS Example.debug.xcconfig"; path = "Pods/Target Support Files/Pods-iOS Example/Pods-iOS Example.debug.xcconfig"; sourceTree = "<group>"; };
		702A1E66639578CB5E885042 /* Pods-iOS ExampleUITests.release.xcconfig */ = {isa = PBXFileReference; includeInIndex = 1; lastKnownFileType = text.xcconfig; name = "Pods-iOS ExampleUITests.release.xcconfig"; path = "Pods/Target Support Files/Pods-iOS ExampleUITests/Pods-iOS ExampleUITests.release.xcconfig"; sourceTree = "<group>"; };
		857F46313588EB8E7A38E872 /* Pods-iOS Example.release.xcconfig */ = {isa = PBXFileReference; includeInIndex = 1; lastKnownFileType = text.xcconfig; name = "Pods-iOS Example.release.xcconfig"; path = "Pods/Target Support Files/Pods-iOS Example/Pods-iOS Example.release.xcconfig"; sourceTree = "<group>"; };
		D93664281D87958600FCEA12 /* iOS Example.app */ = {isa = PBXFileReference; explicitFileType = wrapper.application; includeInIndex = 0; path = "iOS Example.app"; sourceTree = BUILT_PRODUCTS_DIR; };
		D936642B1D87958600FCEA12 /* AppDelegate.swift */ = {isa = PBXFileReference; lastKnownFileType = sourcecode.swift; path = AppDelegate.swift; sourceTree = "<group>"; };
		D936642D1D87958600FCEA12 /* ViewController.swift */ = {isa = PBXFileReference; lastKnownFileType = sourcecode.swift; path = ViewController.swift; sourceTree = "<group>"; };
		D93664301D87958600FCEA12 /* Base */ = {isa = PBXFileReference; lastKnownFileType = file.storyboard; name = Base; path = Base.lproj/Main.storyboard; sourceTree = "<group>"; };
		D93664321D87958600FCEA12 /* Assets.xcassets */ = {isa = PBXFileReference; lastKnownFileType = folder.assetcatalog; path = Assets.xcassets; sourceTree = "<group>"; };
		D93664351D87958600FCEA12 /* Base */ = {isa = PBXFileReference; lastKnownFileType = file.storyboard; name = Base; path = Base.lproj/LaunchScreen.storyboard; sourceTree = "<group>"; };
		D93664371D87958600FCEA12 /* Info.plist */ = {isa = PBXFileReference; lastKnownFileType = text.plist.xml; path = Info.plist; sourceTree = "<group>"; };
		D936643C1D87958600FCEA12 /* iOS ExampleUITests.xctest */ = {isa = PBXFileReference; explicitFileType = wrapper.cfbundle; includeInIndex = 0; path = "iOS ExampleUITests.xctest"; sourceTree = BUILT_PRODUCTS_DIR; };
		D93664401D87958600FCEA12 /* ExampleUITests.swift */ = {isa = PBXFileReference; lastKnownFileType = sourcecode.swift; path = ExampleUITests.swift; sourceTree = "<group>"; };
		D93664421D87958600FCEA12 /* Info.plist */ = {isa = PBXFileReference; lastKnownFileType = text.plist.xml; path = Info.plist; sourceTree = "<group>"; };
		E6CC3113384DE370280FEB4C /* Pods_iOS_Example.framework */ = {isa = PBXFileReference; explicitFileType = wrapper.framework; includeInIndex = 0; path = Pods_iOS_Example.framework; sourceTree = BUILT_PRODUCTS_DIR; };
/* End PBXFileReference section */

/* Begin PBXFrameworksBuildPhase section */
		D93664251D87958600FCEA12 /* Frameworks */ = {
			isa = PBXFrameworksBuildPhase;
			buildActionMask = 2147483647;
			files = (
				356BC2BD3D87F19BB1A7F5C6 /* Pods_iOS_Example.framework in Frameworks */,
			);
			runOnlyForDeploymentPostprocessing = 0;
		};
		D93664391D87958600FCEA12 /* Frameworks */ = {
			isa = PBXFrameworksBuildPhase;
			buildActionMask = 2147483647;
			files = (
				ECC2CA8E696D48A187CE1B56 /* Pods_iOS_ExampleUITests.framework in Frameworks */,
			);
			runOnlyForDeploymentPostprocessing = 0;
		};
/* End PBXFrameworksBuildPhase section */

/* Begin PBXGroup section */
		0DD7436011E36731689DBC8E /* Pods */ = {
			isa = PBXGroup;
			children = (
				6FDC9B99C7033B4319A8BBF1 /* Pods-iOS Example.debug.xcconfig */,
				857F46313588EB8E7A38E872 /* Pods-iOS Example.release.xcconfig */,
				1A31FEA3497BBC569598A98E /* Pods-iOS ExampleUITests.debug.xcconfig */,
				702A1E66639578CB5E885042 /* Pods-iOS ExampleUITests.release.xcconfig */,
			);
			name = Pods;
			sourceTree = "<group>";
		};
		4E2B69F01DAC3244229300C6 /* Frameworks */ = {
			isa = PBXGroup;
			children = (
				E6CC3113384DE370280FEB4C /* Pods_iOS_Example.framework */,
				6F7F0C2F95AE18FBCBFC85F1 /* Pods_iOS_ExampleUITests.framework */,
			);
			name = Frameworks;
			sourceTree = "<group>";
		};
		D936641F1D87958600FCEA12 = {
			isa = PBXGroup;
			children = (
				D936642A1D87958600FCEA12 /* Source */,
				D936643F1D87958600FCEA12 /* UITests */,
				D93664291D87958600FCEA12 /* Products */,
				0DD7436011E36731689DBC8E /* Pods */,
				4E2B69F01DAC3244229300C6 /* Frameworks */,
			);
			sourceTree = "<group>";
		};
		D93664291D87958600FCEA12 /* Products */ = {
			isa = PBXGroup;
			children = (
				D93664281D87958600FCEA12 /* iOS Example.app */,
				D936643C1D87958600FCEA12 /* iOS ExampleUITests.xctest */,
			);
			name = Products;
			sourceTree = "<group>";
		};
		D936642A1D87958600FCEA12 /* Source */ = {
			isa = PBXGroup;
			children = (
				D936642B1D87958600FCEA12 /* AppDelegate.swift */,
				D936642D1D87958600FCEA12 /* ViewController.swift */,
				D936642F1D87958600FCEA12 /* Main.storyboard */,
				D93664321D87958600FCEA12 /* Assets.xcassets */,
				D93664341D87958600FCEA12 /* LaunchScreen.storyboard */,
				D93664371D87958600FCEA12 /* Info.plist */,
			);
			path = Source;
			sourceTree = "<group>";
		};
		D936643F1D87958600FCEA12 /* UITests */ = {
			isa = PBXGroup;
			children = (
				D93664401D87958600FCEA12 /* ExampleUITests.swift */,
				D93664421D87958600FCEA12 /* Info.plist */,
			);
			path = UITests;
			sourceTree = "<group>";
		};
/* End PBXGroup section */

/* Begin PBXNativeTarget section */
		D93664271D87958600FCEA12 /* iOS Example */ = {
			isa = PBXNativeTarget;
			buildConfigurationList = D93664451D87958600FCEA12 /* Build configuration list for PBXNativeTarget "iOS Example" */;
			buildPhases = (
				248651390862F22993BC58BF /* [CP] Check Pods Manifest.lock */,
				D93664241D87958600FCEA12 /* Sources */,
				D93664251D87958600FCEA12 /* Frameworks */,
				D93664261D87958600FCEA12 /* Resources */,
				505A69A5DEAB7102B49E04A7 /* [CP] Embed Pods Frameworks */,
				2CF6AFE97FB12843790E150C /* [CP] Copy Pods Resources */,
			);
			buildRules = (
			);
			dependencies = (
			);
			name = "iOS Example";
			productName = Example;
			productReference = D93664281D87958600FCEA12 /* iOS Example.app */;
			productType = "com.apple.product-type.application";
		};
		D936643B1D87958600FCEA12 /* iOS ExampleUITests */ = {
			isa = PBXNativeTarget;
			buildConfigurationList = D93664481D87958600FCEA12 /* Build configuration list for PBXNativeTarget "iOS ExampleUITests" */;
			buildPhases = (
				0CBD5FA53A5E4D3DECDDDEA5 /* [CP] Check Pods Manifest.lock */,
				D93664381D87958600FCEA12 /* Sources */,
				D93664391D87958600FCEA12 /* Frameworks */,
				D936643A1D87958600FCEA12 /* Resources */,
				69E7389B0146C3B2DB6256BB /* [CP] Copy Pods Resources */,
			);
			buildRules = (
			);
			dependencies = (
				D936643E1D87958600FCEA12 /* PBXTargetDependency */,
			);
			name = "iOS ExampleUITests";
			productName = ExampleUITests;
			productReference = D936643C1D87958600FCEA12 /* iOS ExampleUITests.xctest */;
			productType = "com.apple.product-type.bundle.ui-testing";
		};
/* End PBXNativeTarget section */

/* Begin PBXProject section */
		D93664201D87958600FCEA12 /* Project object */ = {
			isa = PBXProject;
			attributes = {
				LastSwiftUpdateCheck = 0800;
				LastUpgradeCheck = 0800;
				ORGANIZATIONNAME = "__ORGANIZATION NAME__";
				TargetAttributes = {
					D93664271D87958600FCEA12 = {
						CreatedOnToolsVersion = 8.0;
						ProvisioningStyle = Automatic;
					};
					D936643B1D87958600FCEA12 = {
						CreatedOnToolsVersion = 8.0;
						ProvisioningStyle = Automatic;
						TestTargetID = D93664271D87958600FCEA12;
					};
				};
			};
			buildConfigurationList = D93664231D87958600FCEA12 /* Build configuration list for PBXProject "iOS Example" */;
			compatibilityVersion = "Xcode 3.2";
			developmentRegion = English;
			hasScannedForEncodings = 0;
			knownRegions = (
				en,
				Base,
			);
			mainGroup = D936641F1D87958600FCEA12;
			productRefGroup = D93664291D87958600FCEA12 /* Products */;
			projectDirPath = "";
			projectRoot = "";
			targets = (
				D93664271D87958600FCEA12 /* iOS Example */,
				D936643B1D87958600FCEA12 /* iOS ExampleUITests */,
			);
		};
/* End PBXProject section */

/* Begin PBXResourcesBuildPhase section */
		D93664261D87958600FCEA12 /* Resources */ = {
			isa = PBXResourcesBuildPhase;
			buildActionMask = 2147483647;
			files = (
				D93664361D87958600FCEA12 /* LaunchScreen.storyboard in Resources */,
				D93664331D87958600FCEA12 /* Assets.xcassets in Resources */,
				D93664311D87958600FCEA12 /* Main.storyboard in Resources */,
			);
			runOnlyForDeploymentPostprocessing = 0;
		};
		D936643A1D87958600FCEA12 /* Resources */ = {
			isa = PBXResourcesBuildPhase;
			buildActionMask = 2147483647;
			files = (
			);
			runOnlyForDeploymentPostprocessing = 0;
		};
/* End PBXResourcesBuildPhase section */

/* Begin PBXShellScriptBuildPhase section */
		0CBD5FA53A5E4D3DECDDDEA5 /* [CP] Check Pods Manifest.lock */ = {
			isa = PBXShellScriptBuildPhase;
			buildActionMask = 2147483647;
			files = (
			);
			inputPaths = (
			);
			name = "[CP] Check Pods Manifest.lock";
			outputPaths = (
			);
			runOnlyForDeploymentPostprocessing = 0;
			shellPath = /bin/sh;
			shellScript = "diff \"${PODS_ROOT}/../Podfile.lock\" \"${PODS_ROOT}/Manifest.lock\" > /dev/null\nif [[ $? != 0 ]] ; then\n    cat << EOM\nerror: The sandbox is not in sync with the Podfile.lock. Run 'pod install' or update your CocoaPods installation.\nEOM\n    exit 1\nfi\n";
			showEnvVarsInLog = 0;
		};
		248651390862F22993BC58BF /* [CP] Check Pods Manifest.lock */ = {
			isa = PBXShellScriptBuildPhase;
			buildActionMask = 2147483647;
			files = (
			);
			inputPaths = (
			);
			name = "[CP] Check Pods Manifest.lock";
			outputPaths = (
			);
			runOnlyForDeploymentPostprocessing = 0;
			shellPath = /bin/sh;
			shellScript = "diff \"${PODS_ROOT}/../Podfile.lock\" \"${PODS_ROOT}/Manifest.lock\" > /dev/null\nif [[ $? != 0 ]] ; then\n    cat << EOM\nerror: The sandbox is not in sync with the Podfile.lock. Run 'pod install' or update your CocoaPods installation.\nEOM\n    exit 1\nfi\n";
			showEnvVarsInLog = 0;
		};
		2CF6AFE97FB12843790E150C /* [CP] Copy Pods Resources */ = {
			isa = PBXShellScriptBuildPhase;
			buildActionMask = 2147483647;
			files = (
			);
			inputPaths = (
			);
			name = "[CP] Copy Pods Resources";
			outputPaths = (
			);
			runOnlyForDeploymentPostprocessing = 0;
			shellPath = /bin/sh;
			shellScript = "\"${SRCROOT}/Pods/Target Support Files/Pods-iOS Example/Pods-iOS Example-resources.sh\"\n";
			showEnvVarsInLog = 0;
		};
		505A69A5DEAB7102B49E04A7 /* [CP] Embed Pods Frameworks */ = {
			isa = PBXShellScriptBuildPhase;
			buildActionMask = 2147483647;
			files = (
			);
			inputPaths = (
			);
			name = "[CP] Embed Pods Frameworks";
			outputPaths = (
			);
			runOnlyForDeploymentPostprocessing = 0;
			shellPath = /bin/sh;
			shellScript = "\"${SRCROOT}/Pods/Target Support Files/Pods-iOS Example/Pods-iOS Example-frameworks.sh\"\n";
			showEnvVarsInLog = 0;
		};
		69E7389B0146C3B2DB6256BB /* [CP] Copy Pods Resources */ = {
			isa = PBXShellScriptBuildPhase;
			buildActionMask = 2147483647;
			files = (
			);
			inputPaths = (
			);
			name = "[CP] Copy Pods Resources";
			outputPaths = (
			);
			runOnlyForDeploymentPostprocessing = 0;
			shellPath = /bin/sh;
			shellScript = "\"${SRCROOT}/Pods/Target Support Files/Pods-iOS ExampleUITests/Pods-iOS ExampleUITests-resources.sh\"\n";
			showEnvVarsInLog = 0;
		};
/* End PBXShellScriptBuildPhase section */

/* Begin PBXSourcesBuildPhase section */
		D93664241D87958600FCEA12 /* Sources */ = {
			isa = PBXSourcesBuildPhase;
			buildActionMask = 2147483647;
			files = (
				D936642E1D87958600FCEA12 /* ViewController.swift in Sources */,
				D936642C1D87958600FCEA12 /* AppDelegate.swift in Sources */,
			);
			runOnlyForDeploymentPostprocessing = 0;
		};
		D93664381D87958600FCEA12 /* Sources */ = {
			isa = PBXSourcesBuildPhase;
			buildActionMask = 2147483647;
			files = (
				D93664411D87958600FCEA12 /* ExampleUITests.swift in Sources */,
			);
			runOnlyForDeploymentPostprocessing = 0;
		};
/* End PBXSourcesBuildPhase section */

/* Begin PBXTargetDependency section */
		D936643E1D87958600FCEA12 /* PBXTargetDependency */ = {
			isa = PBXTargetDependency;
			target = D93664271D87958600FCEA12 /* iOS Example */;
			targetProxy = D936643D1D87958600FCEA12 /* PBXContainerItemProxy */;
		};
/* End PBXTargetDependency section */

/* Begin PBXVariantGroup section */
		D936642F1D87958600FCEA12 /* Main.storyboard */ = {
			isa = PBXVariantGroup;
			children = (
				D93664301D87958600FCEA12 /* Base */,
			);
			name = Main.storyboard;
			sourceTree = "<group>";
		};
		D93664341D87958600FCEA12 /* LaunchScreen.storyboard */ = {
			isa = PBXVariantGroup;
			children = (
				D93664351D87958600FCEA12 /* Base */,
			);
			name = LaunchScreen.storyboard;
			sourceTree = "<group>";
		};
/* End PBXVariantGroup section */

/* Begin XCBuildConfiguration section */
		D93664431D87958600FCEA12 /* Debug */ = {
			isa = XCBuildConfiguration;
			buildSettings = {
				ALWAYS_SEARCH_USER_PATHS = NO;
				CLANG_ANALYZER_NONNULL = YES;
				CLANG_CXX_LANGUAGE_STANDARD = "gnu++0x";
				CLANG_CXX_LIBRARY = "libc++";
				CLANG_ENABLE_MODULES = YES;
				CLANG_ENABLE_OBJC_ARC = YES;
				CLANG_WARN_BOOL_CONVERSION = YES;
				CLANG_WARN_CONSTANT_CONVERSION = YES;
				CLANG_WARN_DIRECT_OBJC_ISA_USAGE = YES_ERROR;
				CLANG_WARN_DOCUMENTATION_COMMENTS = YES;
				CLANG_WARN_EMPTY_BODY = YES;
				CLANG_WARN_ENUM_CONVERSION = YES;
				CLANG_WARN_INFINITE_RECURSION = YES;
				CLANG_WARN_INT_CONVERSION = YES;
				CLANG_WARN_OBJC_ROOT_CLASS = YES_ERROR;
				CLANG_WARN_SUSPICIOUS_MOVES = YES;
				CLANG_WARN_UNREACHABLE_CODE = YES;
				CLANG_WARN__DUPLICATE_METHOD_MATCH = YES;
				"CODE_SIGN_IDENTITY[sdk=iphoneos*]" = "iPhone Developer";
				COPY_PHASE_STRIP = NO;
				DEBUG_INFORMATION_FORMAT = dwarf;
				ENABLE_STRICT_OBJC_MSGSEND = YES;
				ENABLE_TESTABILITY = YES;
				GCC_C_LANGUAGE_STANDARD = gnu99;
				GCC_DYNAMIC_NO_PIC = NO;
				GCC_NO_COMMON_BLOCKS = YES;
				GCC_OPTIMIZATION_LEVEL = 0;
				GCC_PREPROCESSOR_DEFINITIONS = (
					"DEBUG=1",
					"$(inherited)",
				);
				GCC_WARN_64_TO_32_BIT_CONVERSION = YES;
				GCC_WARN_ABOUT_RETURN_TYPE = YES_ERROR;
				GCC_WARN_UNDECLARED_SELECTOR = YES;
				GCC_WARN_UNINITIALIZED_AUTOS = YES_AGGRESSIVE;
				GCC_WARN_UNUSED_FUNCTION = YES;
				GCC_WARN_UNUSED_VARIABLE = YES;
				IPHONEOS_DEPLOYMENT_TARGET = 10.0;
				MTL_ENABLE_DEBUG_INFO = YES;
				ONLY_ACTIVE_ARCH = YES;
				SDKROOT = iphoneos;
				SWIFT_ACTIVE_COMPILATION_CONDITIONS = DEBUG;
				SWIFT_OPTIMIZATION_LEVEL = "-Onone";
				TARGETED_DEVICE_FAMILY = "1,2";
			};
			name = Debug;
		};
		D93664441D87958600FCEA12 /* Release */ = {
			isa = XCBuildConfiguration;
			buildSettings = {
				ALWAYS_SEARCH_USER_PATHS = NO;
				CLANG_ANALYZER_NONNULL = YES;
				CLANG_CXX_LANGUAGE_STANDARD = "gnu++0x";
				CLANG_CXX_LIBRARY = "libc++";
				CLANG_ENABLE_MODULES = YES;
				CLANG_ENABLE_OBJC_ARC = YES;
				CLANG_WARN_BOOL_CONVERSION = YES;
				CLANG_WARN_CONSTANT_CONVERSION = YES;
				CLANG_WARN_DIRECT_OBJC_ISA_USAGE = YES_ERROR;
				CLANG_WARN_DOCUMENTATION_COMMENTS = YES;
				CLANG_WARN_EMPTY_BODY = YES;
				CLANG_WARN_ENUM_CONVERSION = YES;
				CLANG_WARN_INFINITE_RECURSION = YES;
				CLANG_WARN_INT_CONVERSION = YES;
				CLANG_WARN_OBJC_ROOT_CLASS = YES_ERROR;
				CLANG_WARN_SUSPICIOUS_MOVES = YES;
				CLANG_WARN_UNREACHABLE_CODE = YES;
				CLANG_WARN__DUPLICATE_METHOD_MATCH = YES;
				"CODE_SIGN_IDENTITY[sdk=iphoneos*]" = "iPhone Developer";
				COPY_PHASE_STRIP = NO;
				DEBUG_INFORMATION_FORMAT = "dwarf-with-dsym";
				ENABLE_NS_ASSERTIONS = NO;
				ENABLE_STRICT_OBJC_MSGSEND = YES;
				GCC_C_LANGUAGE_STANDARD = gnu99;
				GCC_NO_COMMON_BLOCKS = YES;
				GCC_WARN_64_TO_32_BIT_CONVERSION = YES;
				GCC_WARN_ABOUT_RETURN_TYPE = YES_ERROR;
				GCC_WARN_UNDECLARED_SELECTOR = YES;
				GCC_WARN_UNINITIALIZED_AUTOS = YES_AGGRESSIVE;
				GCC_WARN_UNUSED_FUNCTION = YES;
				GCC_WARN_UNUSED_VARIABLE = YES;
				IPHONEOS_DEPLOYMENT_TARGET = 10.0;
				MTL_ENABLE_DEBUG_INFO = NO;
				SDKROOT = iphoneos;
				SWIFT_OPTIMIZATION_LEVEL = "-Owholemodule";
				TARGETED_DEVICE_FAMILY = "1,2";
				VALIDATE_PRODUCT = YES;
			};
			name = Release;
		};
		D93664461D87958600FCEA12 /* Debug */ = {
			isa = XCBuildConfiguration;
			baseConfigurationReference = 6FDC9B99C7033B4319A8BBF1 /* Pods-iOS Example.debug.xcconfig */;
			buildSettings = {
				ASSETCATALOG_COMPILER_APPICON_NAME = AppIcon;
				INFOPLIST_FILE = Example/Info.plist;
				LD_RUNPATH_SEARCH_PATHS = "$(inherited) @executable_path/Frameworks";
				PRODUCT_BUNDLE_IDENTIFIER = com.AN.ORGANIZATION.IDENTIFIER.Example;
				PRODUCT_NAME = "$(TARGET_NAME)";
				SWIFT_VERSION = 3.0;
			};
			name = Debug;
		};
		D93664471D87958600FCEA12 /* Release */ = {
			isa = XCBuildConfiguration;
			baseConfigurationReference = 857F46313588EB8E7A38E872 /* Pods-iOS Example.release.xcconfig */;
			buildSettings = {
				ASSETCATALOG_COMPILER_APPICON_NAME = AppIcon;
				INFOPLIST_FILE = Example/Info.plist;
				LD_RUNPATH_SEARCH_PATHS = "$(inherited) @executable_path/Frameworks";
				PRODUCT_BUNDLE_IDENTIFIER = com.AN.ORGANIZATION.IDENTIFIER.Example;
				PRODUCT_NAME = "$(TARGET_NAME)";
				SWIFT_VERSION = 3.0;
			};
			name = Release;
		};
		D93664491D87958600FCEA12 /* Debug */ = {
			isa = XCBuildConfiguration;
			baseConfigurationReference = 1A31FEA3497BBC569598A98E /* Pods-iOS ExampleUITests.debug.xcconfig */;
			buildSettings = {
				ALWAYS_EMBED_SWIFT_STANDARD_LIBRARIES = YES;
				INFOPLIST_FILE = ExampleUITests/Info.plist;
				LD_RUNPATH_SEARCH_PATHS = "$(inherited) @executable_path/Frameworks @loader_path/Frameworks";
				PRODUCT_BUNDLE_IDENTIFIER = com.AN.ORGANIZATION.IDENTIFIER.ExampleUITests;
				PRODUCT_NAME = "$(TARGET_NAME)";
				SWIFT_VERSION = 3.0;
				TEST_TARGET_NAME = Example;
			};
			name = Debug;
		};
		D936644A1D87958600FCEA12 /* Release */ = {
			isa = XCBuildConfiguration;
			baseConfigurationReference = 702A1E66639578CB5E885042 /* Pods-iOS ExampleUITests.release.xcconfig */;
			buildSettings = {
				ALWAYS_EMBED_SWIFT_STANDARD_LIBRARIES = YES;
				INFOPLIST_FILE = ExampleUITests/Info.plist;
				LD_RUNPATH_SEARCH_PATHS = "$(inherited) @executable_path/Frameworks @loader_path/Frameworks";
				PRODUCT_BUNDLE_IDENTIFIER = com.AN.ORGANIZATION.IDENTIFIER.ExampleUITests;
				PRODUCT_NAME = "$(TARGET_NAME)";
				SWIFT_VERSION = 3.0;
				TEST_TARGET_NAME = Example;
			};
			name = Release;
		};
/* End XCBuildConfiguration section */

/* Begin XCConfigurationList section */
		D93664231D87958600FCEA12 /* Build configuration list for PBXProject "iOS Example" */ = {
			isa = XCConfigurationList;
			buildConfigurations = (
				D93664431D87958600FCEA12 /* Debug */,
				D93664441D87958600FCEA12 /* Release */,
			);
			defaultConfigurationIsVisible = 0;
			defaultConfigurationName = Release;
		};
		D93664451D87958600FCEA12 /* Build configuration list for PBXNativeTarget "iOS Example" */ = {
			isa = XCConfigurationList;
			buildConfigurations = (
				D93664461D87958600FCEA12 /* Debug */,
				D93664471D87958600FCEA12 /* Release */,
			);
			defaultConfigurationIsVisible = 0;
			defaultConfigurationName = Release;
		};
		D93664481D87958600FCEA12 /* Build configuration list for PBXNativeTarget "iOS ExampleUITests" */ = {
			isa = XCConfigurationList;
			buildConfigurations = (
				D93664491D87958600FCEA12 /* Debug */,
				D936644A1D87958600FCEA12 /* Release */,
			);
			defaultConfigurationIsVisible = 0;
			defaultConfigurationName = Release;
		};
/* End XCConfigurationList section */
	};
	rootObject = D93664201D87958600FCEA12 /* Project object */;
}
